
Microsoft Visual Studio Solution File, Format Version 12.00
# Visual Studio Version 16
VisualStudioVersion = 16.0.30320.27
MinimumVisualStudioVersion = 10.0.40219.1
Project("{8BC9CEB8-8B4A-11D0-8D11-00A0C91BC942}") = "Laba1", "Laba1\Laba1.vcxproj", "{AFB11E7B-154C-4273-BA8E-E8DEDF20ACE4}"
EndProject
Global
	GlobalSection(SolutionConfigurationPlatforms) = preSolution
		Debug|x64 = Debug|x64
		Debug|x86 = Debug|x86
		Release|x64 = Release|x64
		Release|x86 = Release|x86
	EndGlobalSection
	GlobalSection(ProjectConfigurationPlatforms) = postSolution
		{AFB11E7B-154C-4273-BA8E-E8DEDF20ACE4}.Debug|x64.ActiveCfg = Debug|x64
		{AFB11E7B-154C-4273-BA8E-E8DEDF20ACE4}.Debug|x64.Build.0 = Debug|x64
		{AFB11E7B-154C-4273-BA8E-E8DEDF20ACE4}.Debug|x86.ActiveCfg = Debug|Win32
		{AFB11E7B-154C-4273-BA8E-E8DEDF20ACE4}.Debug|x86.Build.0 = Debug|Win32
		{AFB11E7B-154C-4273-BA8E-E8DEDF20ACE4}.Release|x64.ActiveCfg = Release|x64
		{AFB11E7B-154C-4273-BA8E-E8DEDF20ACE4}.Release|x64.Build.0 = Release|x64
		{AFB11E7B-154C-4273-BA8E-E8DEDF20ACE4}.Release|x86.ActiveCfg = Release|Win32
		{AFB11E7B-154C-4273-BA8E-E8DEDF20ACE4}.Release|x86.Build.0 = Release|Win32
	EndGlobalSection
	GlobalSection(SolutionProperties) = preSolution
		HideSolutionNode = FALSE
	EndGlobalSection
	GlobalSection(ExtensibilityGlobals) = postSolution
		SolutionGuid = {1EEC7920-F750-44DD-A6ED-CA7AE0B07153}
	EndGlobalSection
EndGlobal
